
Microsoft Visual Studio Solution File, Format Version 12.00
# Visual Studio Version 17
VisualStudioVersion = 17.6.33815.320
MinimumVisualStudioVersion = 10.0.40219.1
Project("{FAE04EC0-301F-11D3-BF4B-00C04F79EFBC}") = "HomeEmp", "HomeEmp\HomeEmp.csproj", "{A6DE883F-E6CB-4333-9D01-3272342C84F4}"
EndProject
Global
	GlobalSection(SolutionConfigurationPlatforms) = preSolution
		Debug|Any CPU = Debug|Any CPU
		Release|Any CPU = Release|Any CPU
	EndGlobalSection
	GlobalSection(ProjectConfigurationPlatforms) = postSolution
		{A6DE883F-E6CB-4333-9D01-3272342C84F4}.Debug|Any CPU.ActiveCfg = Debug|Any CPU
		{A6DE883F-E6CB-4333-9D01-3272342C84F4}.Debug|Any CPU.Build.0 = Debug|Any CPU
		{A6DE883F-E6CB-4333-9D01-3272342C84F4}.Release|Any CPU.ActiveCfg = Release|Any CPU
		{A6DE883F-E6CB-4333-9D01-3272342C84F4}.Release|Any CPU.Build.0 = Release|Any CPU
	EndGlobalSection
	GlobalSection(SolutionProperties) = preSolution
		HideSolutionNode = FALSE
	EndGlobalSection
	GlobalSection(ExtensibilityGlobals) = postSolution
		SolutionGuid = {557F4C41-0BE0-4CCC-AD99-794C61AB8548}
	EndGlobalSection
EndGlobal
